
Microsoft Visual Studio Solution File, Format Version 12.00
# Visual Studio 2013
VisualStudioVersion = 12.0.40629.0
MinimumVisualStudioVersion = 10.0.40219.1
Project("{FAE04EC0-301F-11D3-BF4B-00C04F79EFBC}") = "OAuth", "Oauth\OAuth.csproj", "{34241791-FA14-44E5-8243-52F9DAB0C892}"
EndProject
Global
	GlobalSection(SolutionConfigurationPlatforms) = preSolution
		Debug|Any CPU = Debug|Any CPU
		Release|Any CPU = Release|Any CPU
	EndGlobalSection
	GlobalSection(ProjectConfigurationPlatforms) = postSolution
		{34241791-FA14-44E5-8243-52F9DAB0C892}.Debug|Any CPU.ActiveCfg = Debug|Any CPU
		{34241791-FA14-44E5-8243-52F9DAB0C892}.Debug|Any CPU.Build.0 = Debug|Any CPU
		{34241791-FA14-44E5-8243-52F9DAB0C892}.Release|Any CPU.ActiveCfg = Release|Any CPU
		{34241791-FA14-44E5-8243-52F9DAB0C892}.Release|Any CPU.Build.0 = Release|Any CPU
	EndGlobalSection
	GlobalSection(SolutionProperties) = preSolution
		HideSolutionNode = FALSE
	EndGlobalSection
EndGlobal
